
Microsoft Visual Studio Solution File, Format Version 12.00
# Visual Studio 15
VisualStudioVersion = 15.0.26730.12
MinimumVisualStudioVersion = 10.0.40219.1
Project("{FAE04EC0-301F-11D3-BF4B-00C04F79EFBC}") = "DateMePlease.WebUI", "DateMePlease.WebUI\DateMePlease.WebUI.csproj", "{D916D8CB-1341-458E-93C3-E39B57A55EDD}"
EndProject
Global
	GlobalSection(SolutionConfigurationPlatforms) = preSolution
		Debug|Any CPU = Debug|Any CPU
		Release|Any CPU = Release|Any CPU
	EndGlobalSection
	GlobalSection(ProjectConfigurationPlatforms) = postSolution
		{D916D8CB-1341-458E-93C3-E39B57A55EDD}.Debug|Any CPU.ActiveCfg = Debug|Any CPU
		{D916D8CB-1341-458E-93C3-E39B57A55EDD}.Debug|Any CPU.Build.0 = Debug|Any CPU
		{D916D8CB-1341-458E-93C3-E39B57A55EDD}.Release|Any CPU.ActiveCfg = Release|Any CPU
		{D916D8CB-1341-458E-93C3-E39B57A55EDD}.Release|Any CPU.Build.0 = Release|Any CPU
	EndGlobalSection
	GlobalSection(SolutionProperties) = preSolution
		HideSolutionNode = FALSE
	EndGlobalSection
	GlobalSection(ExtensibilityGlobals) = postSolution
		SolutionGuid = {59200AB3-A29A-4B7E-A5FF-79D2B6C99B23}
	EndGlobalSection
EndGlobal
